
Microsoft Visual Studio Solution File, Format Version 12.00
# Visual Studio Version 17
VisualStudioVersion = 17.4.33110.190
MinimumVisualStudioVersion = 10.0.40219.1
Project("{FAE04EC0-301F-11D3-BF4B-00C04F79EFBC}") = "proyecto1", "proyecto1\proyecto1.csproj", "{6B88CA2C-7063-40C7-BEAC-1F6E0F5F257F}"
EndProject
Global
	GlobalSection(SolutionConfigurationPlatforms) = preSolution
		Debug|Any CPU = Debug|Any CPU
		Release|Any CPU = Release|Any CPU
	EndGlobalSection
	GlobalSection(ProjectConfigurationPlatforms) = postSolution
		{6B88CA2C-7063-40C7-BEAC-1F6E0F5F257F}.Debug|Any CPU.ActiveCfg = Debug|Any CPU
		{6B88CA2C-7063-40C7-BEAC-1F6E0F5F257F}.Debug|Any CPU.Build.0 = Debug|Any CPU
		{6B88CA2C-7063-40C7-BEAC-1F6E0F5F257F}.Release|Any CPU.ActiveCfg = Release|Any CPU
		{6B88CA2C-7063-40C7-BEAC-1F6E0F5F257F}.Release|Any CPU.Build.0 = Release|Any CPU
	EndGlobalSection
	GlobalSection(SolutionProperties) = preSolution
		HideSolutionNode = FALSE
	EndGlobalSection
	GlobalSection(ExtensibilityGlobals) = postSolution
		SolutionGuid = {0552E778-862E-4761-B9C2-24264FCAD82A}
	EndGlobalSection
EndGlobal
